
Microsoft Visual Studio Solution File, Format Version 12.00
# Visual Studio Version 17
VisualStudioVersion = 17.0.31903.59
MinimumVisualStudioVersion = 10.0.40219.1
Project("{2150E333-8FDC-42A3-9474-1A3956D46DE8}") = "src", "src", "{827E0CD3-B72D-47B6-A68D-7590B98EB39B}"
EndProject
Project("{2150E333-8FDC-42A3-9474-1A3956D46DE8}") = "Platform.Api", "Platform.Api", "{6D2020FA-2FA7-F3AD-CCE2-1F7493DC132E}"
EndProject
Project("{FAE04EC0-301F-11D3-BF4B-00C04F79EFBC}") = "Platform.api", "src\Platform.Api\Platform.api.csproj", "{C81051CC-6FCA-4618-A12B-7DF78BB9174D}"
EndProject
Project("{FAE04EC0-301F-11D3-BF4B-00C04F79EFBC}") = "Platform.Domain", "src\Platform.Domain\Platform.Domain.csproj", "{858D3C2E-C3CF-4107-90EA-EDAFB011FD50}"
EndProject
Project("{FAE04EC0-301F-11D3-BF4B-00C04F79EFBC}") = "Platform.Application", "src\Platform.Application\Platform.Application.csproj", "{C9267587-9A02-4AB0-BEF1-3AE509A1BBA4}"
EndProject
Project("{FAE04EC0-301F-11D3-BF4B-00C04F79EFBC}") = "Platform.Infrastructure", "src\Platform.Infrastructure\Platform.Infrastructure.csproj", "{9900DB83-2D9F-4C1A-AA97-1035AE8224C9}"
EndProject
Project("{2150E333-8FDC-42A3-9474-1A3956D46DE8}") = "simulator", "simulator", "{4F265677-6882-DD8A-52B2-C9B4EE0AB754}"
EndProject
Project("{FAE04EC0-301F-11D3-BF4B-00C04F79EFBC}") = "Platform.Simulator", "simulator\Platform.Simulator\Platform.Simulator.csproj", "{1D3EE504-1D0B-4FE0-AF2C-AC5A2382553F}"
EndProject
Project("{2150E333-8FDC-42A3-9474-1A3956D46DE8}") = "tests", "tests", "{0AB3BF05-4346-4AA6-1389-037BE0695223}"
EndProject
Project("{FAE04EC0-301F-11D3-BF4B-00C04F79EFBC}") = "Platform.Tests", "tests\Platform.Tests\Platform.Tests.csproj", "{6B28A059-53E4-4770-8FC4-EAADC0AC3C97}"
EndProject
Global
	GlobalSection(SolutionConfigurationPlatforms) = preSolution
		Debug|Any CPU = Debug|Any CPU
		Debug|x64 = Debug|x64
		Debug|x86 = Debug|x86
		Release|Any CPU = Release|Any CPU
		Release|x64 = Release|x64
		Release|x86 = Release|x86
	EndGlobalSection
	GlobalSection(ProjectConfigurationPlatforms) = postSolution
		{C81051CC-6FCA-4618-A12B-7DF78BB9174D}.Debug|Any CPU.ActiveCfg = Debug|Any CPU
		{C81051CC-6FCA-4618-A12B-7DF78BB9174D}.Debug|Any CPU.Build.0 = Debug|Any CPU
		{C81051CC-6FCA-4618-A12B-7DF78BB9174D}.Debug|x64.ActiveCfg = Debug|Any CPU
		{C81051CC-6FCA-4618-A12B-7DF78BB9174D}.Debug|x64.Build.0 = Debug|Any CPU
		{C81051CC-6FCA-4618-A12B-7DF78BB9174D}.Debug|x86.ActiveCfg = Debug|Any CPU
		{C81051CC-6FCA-4618-A12B-7DF78BB9174D}.Debug|x86.Build.0 = Debug|Any CPU
		{C81051CC-6FCA-4618-A12B-7DF78BB9174D}.Release|Any CPU.ActiveCfg = Release|Any CPU
		{C81051CC-6FCA-4618-A12B-7DF78BB9174D}.Release|Any CPU.Build.0 = Release|Any CPU
		{C81051CC-6FCA-4618-A12B-7DF78BB9174D}.Release|x64.ActiveCfg = Release|Any CPU
		{C81051CC-6FCA-4618-A12B-7DF78BB9174D}.Release|x64.Build.0 = Release|Any CPU
		{C81051CC-6FCA-4618-A12B-7DF78BB9174D}.Release|x86.ActiveCfg = Release|Any CPU
		{C81051CC-6FCA-4618-A12B-7DF78BB9174D}.Release|x86.Build.0 = Release|Any CPU
		{858D3C2E-C3CF-4107-90EA-EDAFB011FD50}.Debug|Any CPU.ActiveCfg = Debug|Any CPU
		{858D3C2E-C3CF-4107-90EA-EDAFB011FD50}.Debug|Any CPU.Build.0 = Debug|Any CPU
		{858D3C2E-C3CF-4107-90EA-EDAFB011FD50}.Debug|x64.ActiveCfg = Debug|Any CPU
		{858D3C2E-C3CF-4107-90EA-EDAFB011FD50}.Debug|x64.Build.0 = Debug|Any CPU
		{858D3C2E-C3CF-4107-90EA-EDAFB011FD50}.Debug|x86.ActiveCfg = Debug|Any CPU
		{858D3C2E-C3CF-4107-90EA-EDAFB011FD50}.Debug|x86.Build.0 = Debug|Any CPU
		{858D3C2E-C3CF-4107-90EA-EDAFB011FD50}.Release|Any CPU.ActiveCfg = Release|Any CPU
		{858D3C2E-C3CF-4107-90EA-EDAFB011FD50}.Release|Any CPU.Build.0 = Release|Any CPU
		{858D3C2E-C3CF-4107-90EA-EDAFB011FD50}.Release|x64.ActiveCfg = Release|Any CPU
		{858D3C2E-C3CF-4107-90EA-EDAFB011FD50}.Release|x64.Build.0 = Release|Any CPU
		{858D3C2E-C3CF-4107-90EA-EDAFB011FD50}.Release|x86.ActiveCfg = Release|Any CPU
		{858D3C2E-C3CF-4107-90EA-EDAFB011FD50}.Release|x86.Build.0 = Release|Any CPU
		{C9267587-9A02-4AB0-BEF1-3AE509A1BBA4}.Debug|Any CPU.ActiveCfg = Debug|Any CPU
		{C9267587-9A02-4AB0-BEF1-3AE509A1BBA4}.Debug|Any CPU.Build.0 = Debug|Any CPU
		{C9267587-9A02-4AB0-BEF1-3AE509A1BBA4}.Debug|x64.ActiveCfg = Debug|Any CPU
		{C9267587-9A02-4AB0-BEF1-3AE509A1BBA4}.Debug|x64.Build.0 = Debug|Any CPU
		{C9267587-9A02-4AB0-BEF1-3AE509A1BBA4}.Debug|x86.ActiveCfg = Debug|Any CPU
		{C9267587-9A02-4AB0-BEF1-3AE509A1BBA4}.Debug|x86.Build.0 = Debug|Any CPU
		{C9267587-9A02-4AB0-BEF1-3AE509A1BBA4}.Release|Any CPU.ActiveCfg = Release|Any CPU
		{C9267587-9A02-4AB0-BEF1-3AE509A1BBA4}.Release|Any CPU.Build.0 = Release|Any CPU
		{C9267587-9A02-4AB0-BEF1-3AE509A1BBA4}.Release|x64.ActiveCfg = Release|Any CPU
		{C9267587-9A02-4AB0-BEF1-3AE509A1BBA4}.Release|x64.Build.0 = Release|Any CPU
		{C9267587-9A02-4AB0-BEF1-3AE509A1BBA4}.Release|x86.ActiveCfg = Release|Any CPU
		{C9267587-9A02-4AB0-BEF1-3AE509A1BBA4}.Release|x86.Build.0 = Release|Any CPU
		{9900DB83-2D9F-4C1A-AA97-1035AE8224C9}.Debug|Any CPU.ActiveCfg = Debug|Any CPU
		{9900DB83-2D9F-4C1A-AA97-1035AE8224C9}.Debug|Any CPU.Build.0 = Debug|Any CPU
		{9900DB83-2D9F-4C1A-AA97-1035AE8224C9}.Debug|x64.ActiveCfg = Debug|Any CPU
		{9900DB83-2D9F-4C1A-AA97-1035AE8224C9}.Debug|x64.Build.0 = Debug|Any CPU
		{9900DB83-2D9F-4C1A-AA97-1035AE8224C9}.Debug|x86.ActiveCfg = Debug|Any CPU
		{9900DB83-2D9F-4C1A-AA97-1035AE8224C9}.Debug|x86.Build.0 = Debug|Any CPU
		{9900DB83-2D9F-4C1A-AA97-1035AE8224C9}.Release|Any CPU.ActiveCfg = Release|Any CPU
		{9900DB83-2D9F-4C1A-AA97-1035AE8224C9}.Release|Any CPU.Build.0 = Release|Any CPU
		{9900DB83-2D9F-4C1A-AA97-1035AE8224C9}.Release|x64.ActiveCfg = Release|Any CPU
		{9900DB83-2D9F-4C1A-AA97-1035AE8224C9}.Release|x64.Build.0 = Release|Any CPU
		{9900DB83-2D9F-4C1A-AA97-1035AE8224C9}.Release|x86.ActiveCfg = Release|Any CPU
		{9900DB83-2D9F-4C1A-AA97-1035AE8224C9}.Release|x86.Build.0 = Release|Any CPU
		{1D3EE504-1D0B-4FE0-AF2C-AC5A2382553F}.Debug|Any CPU.ActiveCfg = Debug|Any CPU
		{1D3EE504-1D0B-4FE0-AF2C-AC5A2382553F}.Debug|Any CPU.Build.0 = Debug|Any CPU
		{1D3EE504-1D0B-4FE0-AF2C-AC5A2382553F}.Debug|x64.ActiveCfg = Debug|Any CPU
		{1D3EE504-1D0B-4FE0-AF2C-AC5A2382553F}.Debug|x64.Build.0 = Debug|Any CPU
		{1D3EE504-1D0B-4FE0-AF2C-AC5A2382553F}.Debug|x86.ActiveCfg = Debug|Any CPU
		{1D3EE504-1D0B-4FE0-AF2C-AC5A2382553F}.Debug|x86.Build.0 = Debug|Any CPU
		{1D3EE504-1D0B-4FE0-AF2C-AC5A2382553F}.Release|Any CPU.ActiveCfg = Release|Any CPU
		{1D3EE504-1D0B-4FE0-AF2C-AC5A2382553F}.Release|Any CPU.Build.0 = Release|Any CPU
		{1D3EE504-1D0B-4FE0-AF2C-AC5A2382553F}.Release|x64.ActiveCfg = Release|Any CPU
		{1D3EE504-1D0B-4FE0-AF2C-AC5A2382553F}.Release|x64.Build.0 = Release|Any CPU
		{1D3EE504-1D0B-4FE0-AF2C-AC5A2382553F}.Release|x86.ActiveCfg = Release|Any CPU
		{1D3EE504-1D0B-4FE0-AF2C-AC5A2382553F}.Release|x86.Build.0 = Release|Any CPU
		{6B28A059-53E4-4770-8FC4-EAADC0AC3C97}.Debug|Any CPU.ActiveCfg = Debug|Any CPU
		{6B28A059-53E4-4770-8FC4-EAADC0AC3C97}.Debug|Any CPU.Build.0 = Debug|Any CPU
		{6B28A059-53E4-4770-8FC4-EAADC0AC3C97}.Debug|x64.ActiveCfg = Debug|Any CPU
		{6B28A059-53E4-4770-8FC4-EAADC0AC3C97}.Debug|x64.Build.0 = Debug|Any CPU
		{6B28A059-53E4-4770-8FC4-EAADC0AC3C97}.Debug|x86.ActiveCfg = Debug|Any CPU
		{6B28A059-53E4-4770-8FC4-EAADC0AC3C97}.Debug|x86.Build.0 = Debug|Any CPU
		{6B28A059-53E4-4770-8FC4-EAADC0AC3C97}.Release|Any CPU.ActiveCfg = Release|Any CPU
		{6B28A059-53E4-4770-8FC4-EAADC0AC3C97}.Release|Any CPU.Build.0 = Release|Any CPU
		{6B28A059-53E4-4770-8FC4-EAADC0AC3C97}.Release|x64.ActiveCfg = Release|Any CPU
		{6B28A059-53E4-4770-8FC4-EAADC0AC3C97}.Release|x64.Build.0 = Release|Any CPU
		{6B28A059-53E4-4770-8FC4-EAADC0AC3C97}.Release|x86.ActiveCfg = Release|Any CPU
		{6B28A059-53E4-4770-8FC4-EAADC0AC3C97}.Release|x86.Build.0 = Release|Any CPU
	EndGlobalSection
	GlobalSection(SolutionProperties) = preSolution
		HideSolutionNode = FALSE
	EndGlobalSection
	GlobalSection(NestedProjects) = preSolution
		{6D2020FA-2FA7-F3AD-CCE2-1F7493DC132E} = {827E0CD3-B72D-47B6-A68D-7590B98EB39B}
		{C81051CC-6FCA-4618-A12B-7DF78BB9174D} = {6D2020FA-2FA7-F3AD-CCE2-1F7493DC132E}
		{858D3C2E-C3CF-4107-90EA-EDAFB011FD50} = {827E0CD3-B72D-47B6-A68D-7590B98EB39B}
		{C9267587-9A02-4AB0-BEF1-3AE509A1BBA4} = {827E0CD3-B72D-47B6-A68D-7590B98EB39B}
		{9900DB83-2D9F-4C1A-AA97-1035AE8224C9} = {827E0CD3-B72D-47B6-A68D-7590B98EB39B}
		{1D3EE504-1D0B-4FE0-AF2C-AC5A2382553F} = {4F265677-6882-DD8A-52B2-C9B4EE0AB754}
		{6B28A059-53E4-4770-8FC4-EAADC0AC3C97} = {0AB3BF05-4346-4AA6-1389-037BE0695223}
	EndGlobalSection
EndGlobal
